version = 1
revision = 1
requires-python = ">=3.10"

[[package]]
name = "annotated-types"
version = "0.7.0"
source = { registry = "https://pypi.org/simple" }
sdist = { url = "https://files.pythonhosted.org/packages/ee/67/531ea369ba64dcff5ec9c3402f9f51bf748cec26dde048a2f973a4eea7f5/annotated_types-0.7.0.tar.gz", hash = "sha256:aff07c09a53a08bc8cfccb9c85b05f1aa9a2a6f23728d790723543408344ce89", size = 16081 }
wheels = [
    { url = "https://files.pythonhosted.org/packages/78/b6/6307fbef88d9b5ee7421e68d78a9f162e0da4900bc5f5793f6d3d0e34fb8/annotated_types-0.7.0-py3-none-any.whl", hash = "sha256:1f02e8b43a8fbbc3f3e0d4f0f4bfc8131bcb4eebe8849b8e5c773f3a1c582a53", size = 13643 },
]

[[package]]
name = "dnspython"
version = "2.7.0"
source = { registry = "https://pypi.org/simple" }
sdist = { url = "https://files.pythonhosted.org/packages/b5/4a/263763cb2ba3816dd94b08ad3a33d5fdae34ecb856678773cc40a3605829/dnspython-2.7.0.tar.gz", hash = "sha256:ce9c432eda0dc91cf618a5cedf1a4e142651196bbcd2c80e89ed5a907e5cfaf1", size = 345197 }
wheels = [
    { url = "https://files.pythonhosted.org/packages/68/1b/e0a87d256e40e8c888847551b20a017a6b98139178505dc7ffb96f04e954/dnspython-2.7.0-py3-none-any.whl", hash = "sha256:b4c34b7d10b51bcc3a5071e7b8dee77939f1e878477eeecc965e9835f63c6c86", size = 313632 },
]

[[package]]
name = "gei-scraper"
version = "0.1.0"
source = { virtual = "." }
dependencies = [
    { name = "motor" },
    { name = "pydantic" },
    { name = "pydantic-settings" },
]

[package.metadata]
requires-dist = [
    { name = "motor", specifier = ">=3.7.0" },
    { name = "pydantic", specifier = ">=2.11.1" },
    { name = "pydantic-settings", specifier = ">=2.8.1" },
]

[[package]]
name = "motor"
version = "3.7.0"
source = { registry = "https://pypi.org/simple" }
dependencies = [
    { name = "pymongo" },
]
sdist = { url = "https://files.pythonhosted.org/packages/2b/c0/b94558a88fb8406b092bb180c6fa5fb3068f8ec2c7e84dd2b0625f4f4f6e/motor-3.7.0.tar.gz", hash = "sha256:0dfa1f12c812bd90819c519b78bed626b5a9dbb29bba079ccff2bfa8627e0fec", size = 279745 }
wheels = [
    { url = "https://files.pythonhosted.org/packages/ab/a6/e915e3225cc431c7ff07fd3e5ae138f6eb1c3ef4f8e8356cab1ea5dc1ed5/motor-3.7.0-py3-none-any.whl", hash = "sha256:61bdf1afded179f008d423f98066348157686f25a90776ea155db5f47f57d605", size = 74811 },
]

[[package]]
name = "pydantic"
version = "2.11.1"
source = { registry = "https://pypi.org/simple" }
dependencies = [
    { name = "annotated-types" },
    { name = "pydantic-core" },
    { name = "typing-extensions" },
    { name = "typing-inspection" },
]
sdist = { url = "https://files.pythonhosted.org/packages/93/a3/698b87a4d4d303d7c5f62ea5fbf7a79cab236ccfbd0a17847b7f77f8163e/pydantic-2.11.1.tar.gz", hash = "sha256:442557d2910e75c991c39f4b4ab18963d57b9b55122c8b2a9cd176d8c29ce968", size = 782817 }
wheels = [
    { url = "https://files.pythonhosted.org/packages/cc/12/f9221a949f2419e2e23847303c002476c26fbcfd62dc7f3d25d0bec5ca99/pydantic-2.11.1-py3-none-any.whl", hash = "sha256:5b6c415eee9f8123a14d859be0c84363fec6b1feb6b688d6435801230b56e0b8", size = 442648 },
]

[[package]]
name = "pydantic-core"
version = "2.33.0"
source = { registry = "https://pypi.org/simple" }
dependencies = [
    { name = "typing-extensions" },
]
sdist = { url = "https://files.pythonhosted.org/packages/b9/05/91ce14dfd5a3a99555fce436318cc0fd1f08c4daa32b3248ad63669ea8b4/pydantic_core-2.33.0.tar.gz", hash = "sha256:40eb8af662ba409c3cbf4a8150ad32ae73514cd7cb1f1a2113af39763dd616b3", size = 434080 }
wheels = [
    { url = "https://files.pythonhosted.org/packages/29/43/0649ad07e66b36a3fb21442b425bd0348ac162c5e686b36471f363201535/pydantic_core-2.33.0-cp310-cp310-macosx_10_12_x86_64.whl", hash = "sha256:71dffba8fe9ddff628c68f3abd845e91b028361d43c5f8e7b3f8b91d7d85413e", size = 2042968 },
    { url = "https://files.pythonhosted.org/packages/a0/a6/975fea4774a459e495cb4be288efd8b041ac756a0a763f0b976d0861334b/pydantic_core-2.33.0-cp310-cp310-macosx_11_0_arm64.whl", hash = "sha256:abaeec1be6ed535a5d7ffc2e6c390083c425832b20efd621562fbb5bff6dc518", size = 1860347 },
    { url = "https://files.pythonhosted.org/packages/aa/49/7858dadad305101a077ec4d0c606b6425a2b134ea8d858458a6d287fd871/pydantic_core-2.33.0-cp310-cp310-manylinux_2_17_aarch64.manylinux2014_aarch64.whl", hash = "sha256:759871f00e26ad3709efc773ac37b4d571de065f9dfb1778012908bcc36b3a73", size = 1910060 },
    { url = "https://files.pythonhosted.org/packages/8d/4f/6522527911d9c5fe6d76b084d8b388d5c84b09d113247b39f91937500b34/pydantic_core-2.33.0-cp310-cp310-manylinux_2_17_armv7l.manylinux2014_armv7l.whl", hash = "sha256:dcfebee69cd5e1c0b76a17e17e347c84b00acebb8dd8edb22d4a03e88e82a207", size = 1997129 },
    { url = "https://files.pythonhosted.org/packages/75/d0/06f396da053e3d73001ea4787e56b4d7132a87c0b5e2e15a041e808c35cd/pydantic_core-2.33.0-cp310-cp310-manylinux_2_17_ppc64le.manylinux2014_ppc64le.whl", hash = "sha256:1b1262b912435a501fa04cd213720609e2cefa723a07c92017d18693e69bf00b", size = 2140389 },
    { url = "https://files.pythonhosted.org/packages/f5/6b/b9ff5b69cd4ef007cf665463f3be2e481dc7eb26c4a55b2f57a94308c31a/pydantic_core-2.33.0-cp310-cp310-manylinux_2_17_s390x.manylinux2014_s390x.whl", hash = "sha256:4726f1f3f42d6a25678c67da3f0b10f148f5655813c5aca54b0d1742ba821b8f", size = 2754237 },
    { url = "https://files.pythonhosted.org/packages/53/80/b4879de375cdf3718d05fcb60c9aa1f119d28e261dafa51b6a69c78f7178/pydantic_core-2.33.0-cp310-cp310-manylinux_2_17_x86_64.manylinux2014_x86_64.whl", hash = "sha256:e790954b5093dff1e3a9a2523fddc4e79722d6f07993b4cd5547825c3cbf97b5", size = 2007433 },
    { url = "https://files.pythonhosted.org/packages/46/24/54054713dc0af98a94eab37e0f4294dfd5cd8f70b2ca9dcdccd15709fd7e/pydantic_core-2.33.0-cp310-cp310-manylinux_2_5_i686.manylinux1_i686.whl", hash = "sha256:34e7fb3abe375b5c4e64fab75733d605dda0f59827752debc99c17cb2d5f3276", size = 2123980 },
    { url = "https://files.pythonhosted.org/packages/3a/4c/257c1cb89e14cfa6e95ebcb91b308eb1dd2b348340ff76a6e6fcfa9969e1/pydantic_core-2.33.0-cp310-cp310-musllinux_1_1_aarch64.whl", hash = "sha256:ecb158fb9b9091b515213bed3061eb7deb1d3b4e02327c27a0ea714ff46b0760", size = 2087433 },
    { url = "https://files.pythonhosted.org/packages/0c/62/927df8a39ad78ef7b82c5446e01dec9bb0043e1ad71d8f426062f5f014db/pydantic_core-2.33.0-cp310-cp310-musllinux_1_1_armv7l.whl", hash = "sha256:4d9149e7528af8bbd76cc055967e6e04617dcb2a2afdaa3dea899406c5521faa", size = 2260242 },
    { url = "https://files.pythonhosted.org/packages/74/f2/389414f7c77a100954e84d6f52a82bd1788ae69db72364376d8a73b38765/pydantic_core-2.33.0-cp310-cp310-musllinux_1_1_x86_64.whl", hash = "sha256:e81a295adccf73477220e15ff79235ca9dcbcee4be459eb9d4ce9a2763b8386c", size = 2258227 },
    { url = "https://files.pythonhosted.org/packages/53/99/94516313e15d906a1264bb40faf24a01a4af4e2ca8a7c10dd173b6513c5a/pydantic_core-2.33.0-cp310-cp310-win32.whl", hash = "sha256:f22dab23cdbce2005f26a8f0c71698457861f97fc6318c75814a50c75e87d025", size = 1925523 },
    { url = "https://files.pythonhosted.org/packages/7d/67/cc789611c6035a0b71305a1ec6ba196256ced76eba8375f316f840a70456/pydantic_core-2.33.0-cp310-cp310-win_amd64.whl", hash = "sha256:9cb2390355ba084c1ad49485d18449b4242da344dea3e0fe10babd1f0db7dcfc", size = 1951872 },
    { url = "https://files.pythonhosted.org/packages/f0/93/9e97af2619b4026596487a79133e425c7d3c374f0a7f100f3d76bcdf9c83/pydantic_core-2.33.0-cp311-cp311-macosx_10_12_x86_64.whl", hash = "sha256:a608a75846804271cf9c83e40bbb4dab2ac614d33c6fd5b0c6187f53f5c593ef", size = 2042784 },
    { url = "https://files.pythonhosted.org/packages/42/b4/0bba8412fd242729feeb80e7152e24f0e1a1c19f4121ca3d4a307f4e6222/pydantic_core-2.33.0-cp311-cp311-macosx_11_0_arm64.whl", hash = "sha256:e1c69aa459f5609dec2fa0652d495353accf3eda5bdb18782bc5a2ae45c9273a", size = 1858179 },
    { url = "https://files.pythonhosted.org/packages/69/1f/c1c40305d929bd08af863df64b0a26203b70b352a1962d86f3bcd52950fe/pydantic_core-2.33.0-cp311-cp311-manylinux_2_17_aarch64.manylinux2014_aarch64.whl", hash = "sha256:b9ec80eb5a5f45a2211793f1c4aeddff0c3761d1c70d684965c1807e923a588b", size = 1909396 },
    { url = "https://files.pythonhosted.org/packages/0f/99/d2e727375c329c1e652b5d450fbb9d56e8c3933a397e4bd46e67c68c2cd5/pydantic_core-2.33.0-cp311-cp311-manylinux_2_17_armv7l.manylinux2014_armv7l.whl", hash = "sha256:e925819a98318d17251776bd3d6aa9f3ff77b965762155bdad15d1a9265c4cfd", size = 1998264 },
    { url = "https://files.pythonhosted.org/packages/9c/2e/3119a33931278d96ecc2e9e1b9d50c240636cfeb0c49951746ae34e4de74/pydantic_core-2.33.0-cp311-cp311-manylinux_2_17_ppc64le.manylinux2014_ppc64le.whl", hash = "sha256:5bf68bb859799e9cec3d9dd8323c40c00a254aabb56fe08f907e437005932f2b", size = 2140588 },
    { url = "https://files.pythonhosted.org/packages/35/bd/9267bd1ba55f17c80ef6cb7e07b3890b4acbe8eb6014f3102092d53d9300/pydantic_core-2.33.0-cp311-cp311-manylinux_2_17_s390x.manylinux2014_s390x.whl", hash = "sha256:1b2ea72dea0825949a045fa4071f6d5b3d7620d2a208335207793cf29c5a182d", size = 2746296 },
    { url = "https://files.pythonhosted.org/packages/6f/ed/ef37de6478a412ee627cbebd73e7b72a680f45bfacce9ff1199de6e17e88/pydantic_core-2.33.0-cp311-cp311-manylinux_2_17_x86_64.manylinux2014_x86_64.whl", hash = "sha256:1583539533160186ac546b49f5cde9ffc928062c96920f58bd95de32ffd7bffd", size = 2005555 },
    { url = "https://files.pythonhosted.org/packages/dd/84/72c8d1439585d8ee7bc35eb8f88a04a4d302ee4018871f1f85ae1b0c6625/pydantic_core-2.33.0-cp311-cp311-manylinux_2_5_i686.manylinux1_i686.whl", hash = "sha256:23c3e77bf8a7317612e5c26a3b084c7edeb9552d645742a54a5867635b4f2453", size = 2124452 },
    { url = "https://files.pythonhosted.org/packages/a7/8f/cb13de30c6a3e303423751a529a3d1271c2effee4b98cf3e397a66ae8498/pydantic_core-2.33.0-cp311-cp311-musllinux_1_1_aarch64.whl", hash = "sha256:a7a7f2a3f628d2f7ef11cb6188bcf0b9e1558151d511b974dfea10a49afe192b", size = 2087001 },
    { url = "https://files.pythonhosted.org/packages/83/d0/e93dc8884bf288a63fedeb8040ac8f29cb71ca52e755f48e5170bb63e55b/pydantic_core-2.33.0-cp311-cp311-musllinux_1_1_armv7l.whl", hash = "sha256:f1fb026c575e16f673c61c7b86144517705865173f3d0907040ac30c4f9f5915", size = 2261663 },
    { url = "https://files.pythonhosted.org/packages/4c/ba/4b7739c95efa0b542ee45fd872c8f6b1884ab808cf04ce7ac6621b6df76e/pydantic_core-2.33.0-cp311-cp311-musllinux_1_1_x86_64.whl", hash = "sha256:635702b2fed997e0ac256b2cfbdb4dd0bf7c56b5d8fba8ef03489c03b3eb40e2", size = 2257786 },
    { url = "https://files.pythonhosted.org/packages/cc/98/73cbca1d2360c27752cfa2fcdcf14d96230e92d7d48ecd50499865c56bf7/pydantic_core-2.33.0-cp311-cp311-win32.whl", hash = "sha256:07b4ced28fccae3f00626eaa0c4001aa9ec140a29501770a88dbbb0966019a86", size = 1925697 },
    { url = "https://files.pythonhosted.org/packages/9a/26/d85a40edeca5d8830ffc33667d6fef329fd0f4bc0c5181b8b0e206cfe488/pydantic_core-2.33.0-cp311-cp311-win_amd64.whl", hash = "sha256:4927564be53239a87770a5f86bdc272b8d1fbb87ab7783ad70255b4ab01aa25b", size = 1949859 },
    { url = "https://files.pythonhosted.org/packages/7e/0b/5a381605f0b9870465b805f2c86c06b0a7c191668ebe4117777306c2c1e5/pydantic_core-2.33.0-cp311-cp311-win_arm64.whl", hash = "sha256:69297418ad644d521ea3e1aa2e14a2a422726167e9ad22b89e8f1130d68e1e9a", size = 1907978 },
    { url = "https://files.pythonhosted.org/packages/a9/c4/c9381323cbdc1bb26d352bc184422ce77c4bc2f2312b782761093a59fafc/pydantic_core-2.33.0-cp312-cp312-macosx_10_12_x86_64.whl", hash = "sha256:6c32a40712e3662bebe524abe8abb757f2fa2000028d64cc5a1006016c06af43", size = 2025127 },
    { url = "https://files.pythonhosted.org/packages/6f/bd/af35278080716ecab8f57e84515c7dc535ed95d1c7f52c1c6f7b313a9dab/pydantic_core-2.33.0-cp312-cp312-macosx_11_0_arm64.whl", hash = "sha256:8ec86b5baa36f0a0bfb37db86c7d52652f8e8aa076ab745ef7725784183c3fdd", size = 1851687 },
    { url = "https://files.pythonhosted.org/packages/12/e4/a01461225809c3533c23bd1916b1e8c2e21727f0fea60ab1acbffc4e2fca/pydantic_core-2.33.0-cp312-cp312-manylinux_2_17_aarch64.manylinux2014_aarch64.whl", hash = "sha256:4deac83a8cc1d09e40683be0bc6d1fa4cde8df0a9bf0cda5693f9b0569ac01b6", size = 1892232 },
    { url = "https://files.pythonhosted.org/packages/51/17/3d53d62a328fb0a49911c2962036b9e7a4f781b7d15e9093c26299e5f76d/pydantic_core-2.33.0-cp312-cp312-manylinux_2_17_armv7l.manylinux2014_armv7l.whl", hash = "sha256:175ab598fb457a9aee63206a1993874badf3ed9a456e0654273e56f00747bbd6", size = 1977896 },
    { url = "https://files.pythonhosted.org/packages/30/98/01f9d86e02ec4a38f4b02086acf067f2c776b845d43f901bd1ee1c21bc4b/pydantic_core-2.33.0-cp312-cp312-manylinux_2_17_ppc64le.manylinux2014_ppc64le.whl", hash = "sha256:5f36afd0d56a6c42cf4e8465b6441cf546ed69d3a4ec92724cc9c8c61bd6ecf4", size = 2127717 },
    { url = "https://files.pythonhosted.org/packages/3c/43/6f381575c61b7c58b0fd0b92134c5a1897deea4cdfc3d47567b3ff460a4e/pydantic_core-2.33.0-cp312-cp312-manylinux_2_17_s390x.manylinux2014_s390x.whl", hash = "sha256:0a98257451164666afafc7cbf5fb00d613e33f7e7ebb322fbcd99345695a9a61", size = 2680287 },
    { url = "https://files.pythonhosted.org/packages/01/42/c0d10d1451d161a9a0da9bbef023b8005aa26e9993a8cc24dc9e3aa96c93/pydantic_core-2.33.0-cp312-cp312-manylinux_2_17_x86_64.manylinux2014_x86_64.whl", hash = "sha256:ecc6d02d69b54a2eb83ebcc6f29df04957f734bcf309d346b4f83354d8376862", size = 2008276 },
    { url = "https://files.pythonhosted.org/packages/20/ca/e08df9dba546905c70bae44ced9f3bea25432e34448d95618d41968f40b7/pydantic_core-2.33.0-cp312-cp312-manylinux_2_5_i686.manylinux1_i686.whl", hash = "sha256:1a69b7596c6603afd049ce7f3835bcf57dd3892fc7279f0ddf987bebed8caa5a", size = 2115305 },
    { url = "https://files.pythonhosted.org/packages/03/1f/9b01d990730a98833113581a78e595fd40ed4c20f9693f5a658fb5f91eff/pydantic_core-2.33.0-cp312-cp312-musllinux_1_1_aarch64.whl", hash = "sha256:ea30239c148b6ef41364c6f51d103c2988965b643d62e10b233b5efdca8c0099", size = 2068999 },
    { url = "https://files.pythonhosted.org/packages/20/18/fe752476a709191148e8b1e1139147841ea5d2b22adcde6ee6abb6c8e7cf/pydantic_core-2.33.0-cp312-cp312-musllinux_1_1_armv7l.whl", hash = "sha256:abfa44cf2f7f7d7a199be6c6ec141c9024063205545aa09304349781b9a125e6", size = 2241488 },
    { url = "https://files.pythonhosted.org/packages/81/22/14738ad0a0bf484b928c9e52004f5e0b81dd8dabbdf23b843717b37a71d1/pydantic_core-2.33.0-cp312-cp312-musllinux_1_1_x86_64.whl", hash = "sha256:20d4275f3c4659d92048c70797e5fdc396c6e4446caf517ba5cad2db60cd39d3", size = 2248430 },
    { url = "https://files.pythonhosted.org/packages/e8/27/be7571e215ac8d321712f2433c445b03dbcd645366a18f67b334df8912bc/pydantic_core-2.33.0-cp312-cp312-win32.whl", hash = "sha256:918f2013d7eadea1d88d1a35fd4a1e16aaf90343eb446f91cb091ce7f9b431a2", size = 1908353 },
    { url = "https://files.pythonhosted.org/packages/be/3a/be78f28732f93128bd0e3944bdd4b3970b389a1fbd44907c97291c8dcdec/pydantic_core-2.33.0-cp312-cp312-win_amd64.whl", hash = "sha256:aec79acc183865bad120b0190afac467c20b15289050648b876b07777e67ea48", size = 1955956 },
    { url = "https://files.pythonhosted.org/packages/21/26/b8911ac74faa994694b76ee6a22875cc7a4abea3c381fdba4edc6c6bef84/pydantic_core-2.33.0-cp312-cp312-win_arm64.whl", hash = "sha256:5461934e895968655225dfa8b3be79e7e927e95d4bd6c2d40edd2fa7052e71b6", size = 1903259 },
    { url = "https://files.pythonhosted.org/packages/79/20/de2ad03ce8f5b3accf2196ea9b44f31b0cd16ac6e8cfc6b21976ed45ec35/pydantic_core-2.33.0-cp313-cp313-macosx_10_12_x86_64.whl", hash = "sha256:f00e8b59e1fc8f09d05594aa7d2b726f1b277ca6155fc84c0396db1b373c4555", size = 2032214 },
    { url = "https://files.pythonhosted.org/packages/f9/af/6817dfda9aac4958d8b516cbb94af507eb171c997ea66453d4d162ae8948/pydantic_core-2.33.0-cp313-cp313-macosx_11_0_arm64.whl", hash = "sha256:1a73be93ecef45786d7d95b0c5e9b294faf35629d03d5b145b09b81258c7cd6d", size = 1852338 },
    { url = "https://files.pythonhosted.org/packages/44/f3/49193a312d9c49314f2b953fb55740b7c530710977cabe7183b8ef111b7f/pydantic_core-2.33.0-cp313-cp313-manylinux_2_17_aarch64.manylinux2014_aarch64.whl", hash = "sha256:ff48a55be9da6930254565ff5238d71d5e9cd8c5487a191cb85df3bdb8c77365", size = 1896913 },
    { url = "https://files.pythonhosted.org/packages/06/e0/c746677825b2e29a2fa02122a8991c83cdd5b4c5f638f0664d4e35edd4b2/pydantic_core-2.33.0-cp313-cp313-manylinux_2_17_armv7l.manylinux2014_armv7l.whl", hash = "sha256:26a4ea04195638dcd8c53dadb545d70badba51735b1594810e9768c2c0b4a5da", size = 1986046 },
    { url = "https://files.pythonhosted.org/packages/11/ec/44914e7ff78cef16afb5e5273d480c136725acd73d894affdbe2a1bbaad5/pydantic_core-2.33.0-cp313-cp313-manylinux_2_17_ppc64le.manylinux2014_ppc64le.whl", hash = "sha256:41d698dcbe12b60661f0632b543dbb119e6ba088103b364ff65e951610cb7ce0", size = 2128097 },
    { url = "https://files.pythonhosted.org/packages/fe/f5/c6247d424d01f605ed2e3802f338691cae17137cee6484dce9f1ac0b872b/pydantic_core-2.33.0-cp313-cp313-manylinux_2_17_s390x.manylinux2014_s390x.whl", hash = "sha256:ae62032ef513fe6281ef0009e30838a01057b832dc265da32c10469622613885", size = 2681062 },
    { url = "https://files.pythonhosted.org/packages/f0/85/114a2113b126fdd7cf9a9443b1b1fe1b572e5bd259d50ba9d5d3e1927fa9/pydantic_core-2.33.0-cp313-cp313-manylinux_2_17_x86_64.manylinux2014_x86_64.whl", hash = "sha256:f225f3a3995dbbc26affc191d0443c6c4aa71b83358fd4c2b7d63e2f6f0336f9", size = 2007487 },
    { url = "https://files.pythonhosted.org/packages/e6/40/3c05ed28d225c7a9acd2b34c5c8010c279683a870219b97e9f164a5a8af0/pydantic_core-2.33.0-cp313-cp313-manylinux_2_5_i686.manylinux1_i686.whl", hash = "sha256:5bdd36b362f419c78d09630cbaebc64913f66f62bda6d42d5fbb08da8cc4f181", size = 2121382 },
    { url = "https://files.pythonhosted.org/packages/8a/22/e70c086f41eebd323e6baa92cc906c3f38ddce7486007eb2bdb3b11c8f64/pydantic_core-2.33.0-cp313-cp313-musllinux_1_1_aarch64.whl", hash = "sha256:2a0147c0bef783fd9abc9f016d66edb6cac466dc54a17ec5f5ada08ff65caf5d", size = 2072473 },
    { url = "https://files.pythonhosted.org/packages/3e/84/d1614dedd8fe5114f6a0e348bcd1535f97d76c038d6102f271433cd1361d/pydantic_core-2.33.0-cp313-cp313-musllinux_1_1_armv7l.whl", hash = "sha256:c860773a0f205926172c6644c394e02c25421dc9a456deff16f64c0e299487d3", size = 2249468 },
    { url = "https://files.pythonhosted.org/packages/b0/c0/787061eef44135e00fddb4b56b387a06c303bfd3884a6df9bea5cb730230/pydantic_core-2.33.0-cp313-cp313-musllinux_1_1_x86_64.whl", hash = "sha256:138d31e3f90087f42aa6286fb640f3c7a8eb7bdae829418265e7e7474bd2574b", size = 2254716 },
    { url = "https://files.pythonhosted.org/packages/ae/e2/27262eb04963201e89f9c280f1e10c493a7a37bc877e023f31aa72d2f911/pydantic_core-2.33.0-cp313-cp313-win32.whl", hash = "sha256:d20cbb9d3e95114325780f3cfe990f3ecae24de7a2d75f978783878cce2ad585", size = 1916450 },
    { url = "https://files.pythonhosted.org/packages/13/8d/25ff96f1e89b19e0b70b3cd607c9ea7ca27e1dcb810a9cd4255ed6abf869/pydantic_core-2.33.0-cp313-cp313-win_amd64.whl", hash = "sha256:ca1103d70306489e3d006b0f79db8ca5dd3c977f6f13b2c59ff745249431a606", size = 1956092 },
    { url = "https://files.pythonhosted.org/packages/1b/64/66a2efeff657b04323ffcd7b898cb0354d36dae3a561049e092134a83e9c/pydantic_core-2.33.0-cp313-cp313-win_arm64.whl", hash = "sha256:6291797cad239285275558e0a27872da735b05c75d5237bbade8736f80e4c225", size = 1908367 },
    { url = "https://files.pythonhosted.org/packages/52/54/295e38769133363d7ec4a5863a4d579f331728c71a6644ff1024ee529315/pydantic_core-2.33.0-cp313-cp313t-macosx_11_0_arm64.whl", hash = "sha256:7b79af799630af263eca9ec87db519426d8c9b3be35016eddad1832bac812d87", size = 1813331 },
    { url = "https://files.pythonhosted.org/packages/4c/9c/0c8ea02db8d682aa1ef48938abae833c1d69bdfa6e5ec13b21734b01ae70/pydantic_core-2.33.0-cp313-cp313t-manylinux_2_17_x86_64.manylinux2014_x86_64.whl", hash = "sha256:eabf946a4739b5237f4f56d77fa6668263bc466d06a8036c055587c130a46f7b", size = 1986653 },
    { url = "https://files.pythonhosted.org/packages/8e/4f/3fb47d6cbc08c7e00f92300e64ba655428c05c56b8ab6723bd290bae6458/pydantic_core-2.33.0-cp313-cp313t-win_amd64.whl", hash = "sha256:8a1d581e8cdbb857b0e0e81df98603376c1a5c34dc5e54039dcc00f043df81e7", size = 1931234 },
    { url = "https://files.pythonhosted.org/packages/44/77/85e173b715e1a277ce934f28d877d82492df13e564fa68a01c96f36a47ad/pydantic_core-2.33.0-pp310-pypy310_pp73-macosx_10_12_x86_64.whl", hash = "sha256:e2762c568596332fdab56b07060c8ab8362c56cf2a339ee54e491cd503612c50", size = 2040129 },
    { url = "https://files.pythonhosted.org/packages/33/e7/33da5f8a94bbe2191cfcd15bd6d16ecd113e67da1b8c78d3cc3478112dab/pydantic_core-2.33.0-pp310-pypy310_pp73-macosx_11_0_arm64.whl", hash = "sha256:5bf637300ff35d4f59c006fff201c510b2b5e745b07125458a5389af3c0dff8c", size = 1872656 },
    { url = "https://files.pythonhosted.org/packages/b4/7a/9600f222bea840e5b9ba1f17c0acc79b669b24542a78c42c6a10712c0aae/pydantic_core-2.33.0-pp310-pypy310_pp73-manylinux_2_17_aarch64.manylinux2014_aarch64.whl", hash = "sha256:62c151ce3d59ed56ebd7ce9ce5986a409a85db697d25fc232f8e81f195aa39a1", size = 1903731 },
    { url = "https://files.pythonhosted.org/packages/81/d2/94c7ca4e24c5dcfb74df92e0836c189e9eb6814cf62d2f26a75ea0a906db/pydantic_core-2.33.0-pp310-pypy310_pp73-manylinux_2_17_x86_64.manylinux2014_x86_64.whl", hash = "sha256:9ee65f0cc652261744fd07f2c6e6901c914aa6c5ff4dcfaf1136bc394d0dd26b", size = 2083966 },
    { url = "https://files.pythonhosted.org/packages/b8/74/a0259989d220e8865ed6866a6d40539e40fa8f507e587e35d2414cc081f8/pydantic_core-2.33.0-pp310-pypy310_pp73-manylinux_2_5_i686.manylinux1_i686.whl", hash = "sha256:024d136ae44d233e6322027bbf356712b3940bee816e6c948ce4b90f18471b3d", size = 2118951 },
    { url = "https://files.pythonhosted.org/packages/13/4c/87405ed04d6d07597920b657f082a8e8e58bf3034178bb9044b4d57a91e2/pydantic_core-2.33.0-pp310-pypy310_pp73-musllinux_1_1_aarch64.whl", hash = "sha256:e37f10f6d4bc67c58fbd727108ae1d8b92b397355e68519f1e4a7babb1473442", size = 2079632 },
    { url = "https://files.pythonhosted.org/packages/5a/4c/bcb02970ef91d4cd6de7c6893101302637da456bc8b52c18ea0d047b55ce/pydantic_core-2.33.0-pp310-pypy310_pp73-musllinux_1_1_armv7l.whl", hash = "sha256:502ed542e0d958bd12e7c3e9a015bce57deaf50eaa8c2e1c439b512cb9db1e3a", size = 2250541 },
    { url = "https://files.pythonhosted.org/packages/a3/2b/dbe5450c4cd904be5da736dcc7f2357b828199e29e38de19fc81f988b288/pydantic_core-2.33.0-pp310-pypy310_pp73-musllinux_1_1_x86_64.whl", hash = "sha256:715c62af74c236bf386825c0fdfa08d092ab0f191eb5b4580d11c3189af9d330", size = 2255685 },
    { url = "https://files.pythonhosted.org/packages/ca/a6/ca1d35f695d81f639c5617fc9efb44caad21a9463383fa45364b3044175a/pydantic_core-2.33.0-pp310-pypy310_pp73-win_amd64.whl", hash = "sha256:bccc06fa0372151f37f6b69834181aa9eb57cf8665ed36405fb45fbf6cac3bae", size = 2082395 },
    { url = "https://files.pythonhosted.org/packages/2b/b2/553e42762e7b08771fca41c0230c1ac276f9e79e78f57628e1b7d328551d/pydantic_core-2.33.0-pp311-pypy311_pp73-macosx_10_12_x86_64.whl", hash = "sha256:5d8dc9f63a26f7259b57f46a7aab5af86b2ad6fbe48487500bb1f4b27e051e4c", size = 2041207 },
    { url = "https://files.pythonhosted.org/packages/85/81/a91a57bbf3efe53525ab75f65944b8950e6ef84fe3b9a26c1ec173363263/pydantic_core-2.33.0-pp311-pypy311_pp73-macosx_11_0_arm64.whl", hash = "sha256:30369e54d6d0113d2aa5aee7a90d17f225c13d87902ace8fcd7bbf99b19124db", size = 1873736 },
    { url = "https://files.pythonhosted.org/packages/9c/d2/5ab52e9f551cdcbc1ee99a0b3ef595f56d031f66f88e5ca6726c49f9ce65/pydantic_core-2.33.0-pp311-pypy311_pp73-manylinux_2_17_aarch64.manylinux2014_aarch64.whl", hash = "sha256:f3eb479354c62067afa62f53bb387827bee2f75c9c79ef25eef6ab84d4b1ae3b", size = 1903794 },
    { url = "https://files.pythonhosted.org/packages/2f/5f/a81742d3f3821b16f1265f057d6e0b68a3ab13a814fe4bffac536a1f26fd/pydantic_core-2.33.0-pp311-pypy311_pp73-manylinux_2_17_x86_64.manylinux2014_x86_64.whl", hash = "sha256:0310524c833d91403c960b8a3cf9f46c282eadd6afd276c8c5edc617bd705dc9", size = 2083457 },
    { url = "https://files.pythonhosted.org/packages/b5/2f/e872005bc0fc47f9c036b67b12349a8522d32e3bda928e82d676e2a594d1/pydantic_core-2.33.0-pp311-pypy311_pp73-manylinux_2_5_i686.manylinux1_i686.whl", hash = "sha256:eddb18a00bbb855325db27b4c2a89a4ba491cd6a0bd6d852b225172a1f54b36c", size = 2119537 },
    { url = "https://files.pythonhosted.org/packages/d3/13/183f13ce647202eaf3dada9e42cdfc59cbb95faedd44d25f22b931115c7f/pydantic_core-2.33.0-pp311-pypy311_pp73-musllinux_1_1_aarch64.whl", hash = "sha256:ade5dbcf8d9ef8f4b28e682d0b29f3008df9842bb5ac48ac2c17bc55771cc976", size = 2080069 },
    { url = "https://files.pythonhosted.org/packages/23/8b/b6be91243da44a26558d9c3a9007043b3750334136c6550551e8092d6d96/pydantic_core-2.33.0-pp311-pypy311_pp73-musllinux_1_1_armv7l.whl", hash = "sha256:2c0afd34f928383e3fd25740f2050dbac9d077e7ba5adbaa2227f4d4f3c8da5c", size = 2251618 },
    { url = "https://files.pythonhosted.org/packages/aa/c5/fbcf1977035b834f63eb542e74cd6c807177f383386175b468f0865bcac4/pydantic_core-2.33.0-pp311-pypy311_pp73-musllinux_1_1_x86_64.whl", hash = "sha256:7da333f21cd9df51d5731513a6d39319892947604924ddf2e24a4612975fb936", size = 2255374 },
    { url = "https://files.pythonhosted.org/packages/2f/f8/66f328e411f1c9574b13c2c28ab01f308b53688bbbe6ca8fb981e6cabc42/pydantic_core-2.33.0-pp311-pypy311_pp73-win_amd64.whl", hash = "sha256:4b6d77c75a57f041c5ee915ff0b0bb58eabb78728b69ed967bc5b780e8f701b8", size = 2082099 },
]

[[package]]
name = "pydantic-settings"
version = "2.8.1"
source = { registry = "https://pypi.org/simple" }
dependencies = [
    { name = "pydantic" },
    { name = "python-dotenv" },
]
sdist = { url = "https://files.pythonhosted.org/packages/88/82/c79424d7d8c29b994fb01d277da57b0a9b09cc03c3ff875f9bd8a86b2145/pydantic_settings-2.8.1.tar.gz", hash = "sha256:d5c663dfbe9db9d5e1c646b2e161da12f0d734d422ee56f567d0ea2cee4e8585", size = 83550 }
wheels = [
    { url = "https://files.pythonhosted.org/packages/0b/53/a64f03044927dc47aafe029c42a5b7aabc38dfb813475e0e1bf71c4a59d0/pydantic_settings-2.8.1-py3-none-any.whl", hash = "sha256:81942d5ac3d905f7f3ee1a70df5dfb62d5569c12f51a5a647defc1c3d9ee2e9c", size = 30839 },
]

[[package]]
name = "pymongo"
version = "4.11.3"
source = { registry = "https://pypi.org/simple" }
dependencies = [
    { name = "dnspython" },
]
sdist = { url = "https://files.pythonhosted.org/packages/db/e6/cdb1105c14a86aa2b1663a6cccc6bf54722bb12fb5d479979628142dde42/pymongo-4.11.3.tar.gz", hash = "sha256:b6f24aec7c0cfcf0ea9f89e92b7d40ba18a1e18c134815758f111ecb0122e61c", size = 2054848 }
wheels = [
    { url = "https://files.pythonhosted.org/packages/21/dd/61e6a43442b13533ddf0e798e05206a7ebc4ebcb03a3e6c1aace73a94d19/pymongo-4.11.3-cp310-cp310-macosx_10_9_x86_64.whl", hash = "sha256:78f19598246dd61ba2a4fc4dddfa6a4f9af704fff7d81cb4fe0d02c7b17b1f68", size = 786122 },
    { url = "https://files.pythonhosted.org/packages/ef/0c/e810c2a98a6a4dd3374400fce1744e4594075091b3067fb440f855f3eac9/pymongo-4.11.3-cp310-cp310-macosx_11_0_arm64.whl", hash = "sha256:1c9cbe81184ec81ad8c76ccedbf5b743639448008d68f51f9a3c8a9abe6d9a46", size = 786419 },
    { url = "https://files.pythonhosted.org/packages/b0/91/f48cbcc9cff5196a82a9ca88d7a8f721bae2a3f9b8afddfe346f8659fff7/pymongo-4.11.3-cp310-cp310-manylinux_2_17_aarch64.manylinux2014_aarch64.whl", hash = "sha256:b9047ecb3bc47c43ada7d6f98baf8060c637b1e880c803a2bbd1dc63b49d2f92", size = 1163792 },
    { url = "https://files.pythonhosted.org/packages/ad/77/81fe752967fa1ed7adc5b75d7bdf7c15546f0734c7c21d1924b564ff421d/pymongo-4.11.3-cp310-cp310-manylinux_2_17_ppc64le.manylinux2014_ppc64le.whl", hash = "sha256:f1a16ec731b42f6b2b4f1aa3a94e74ff2722aacf691922a2e8e607b7f6b8d9f1", size = 1198006 },
    { url = "https://files.pythonhosted.org/packages/dc/6e/440d56354e95352ac1dc5f1ab27d5e45d4d1c6e1d2cf174727061ddddb85/pymongo-4.11.3-cp310-cp310-manylinux_2_17_s390x.manylinux2014_s390x.whl", hash = "sha256:e9120e25ac468fda3e3a1749695e0c5e52ff2294334fcc81e70ccb65c897bb58", size = 1180927 },
    { url = "https://files.pythonhosted.org/packages/68/57/e3d5508fa8ff8a536f1dfbcefe4ac18d954c0b8d67eb05b8aadddb0b51b5/pymongo-4.11.3-cp310-cp310-manylinux_2_17_x86_64.manylinux2014_x86_64.whl", hash = "sha256:f618bd6ed5c3c08b350b157b1d9066d3d389785b7359d2b7b7d82ca4083595d3", size = 1166941 },
    { url = "https://files.pythonhosted.org/packages/11/9e/60f40c5b6dd1f710208dc9eb72755698df607eb20429eec3e65009e73df2/pymongo-4.11.3-cp310-cp310-manylinux_2_5_i686.manylinux1_i686.manylinux_2_17_i686.manylinux2014_i686.whl", hash = "sha256:98017f006e047f5ed6c99c2cb1cac71534f0e11862beeff4d0bc9227189bedcd", size = 1146097 },
    { url = "https://files.pythonhosted.org/packages/96/15/ad8464d6084a8c06fc9937277b527c6f6782877864b5a994cd86e3a85ed9/pymongo-4.11.3-cp310-cp310-win32.whl", hash = "sha256:84b9300ed411fef776c60feab40f3ee03db5d0ac8921285c6e03a3e27efa2c20", size = 772068 },
    { url = "https://files.pythonhosted.org/packages/92/55/fd9fa9d0f296793944c615f2bb0a292168050d374e7f37685f57ac79c9c7/pymongo-4.11.3-cp310-cp310-win_amd64.whl", hash = "sha256:07231d0bac54e32503507777719dd05ca63bc68896e64ea852edde2f1986b868", size = 781410 },
    { url = "https://files.pythonhosted.org/packages/7b/9a/11d68ecb0260454e46404302c5a1cb16d93c0d9ad0c8a7bc4df1859f95a7/pymongo-4.11.3-cp311-cp311-macosx_10_9_x86_64.whl", hash = "sha256:31b5ad4ce148b201fa8426d0767517dc68424c3380ef4a981038d4d4350f10ee", size = 840506 },
    { url = "https://files.pythonhosted.org/packages/46/db/bfe487b1b1b6c3e86b8152845550d7db15476c12516f5093ec122d840602/pymongo-4.11.3-cp311-cp311-macosx_11_0_arm64.whl", hash = "sha256:505fb3facf54623b45c96e8e6ad6516f58bb8069f9456e1d7c0abdfdb6929c21", size = 840798 },
    { url = "https://files.pythonhosted.org/packages/d4/4b/d1378adbac16829745e57781b140ab7cdbd1046a18cdb796e3adf280c963/pymongo-4.11.3-cp311-cp311-manylinux_2_17_aarch64.manylinux2014_aarch64.whl", hash = "sha256:b3f20467d695f49ce4c2d6cb87de458ebb3d098cbc951834a74f36a2e992a6bb", size = 1409884 },
    { url = "https://files.pythonhosted.org/packages/33/97/4882a0b6be225d0358b431e6d0fe70fba368b2cedabf38c005f2a73917c9/pymongo-4.11.3-cp311-cp311-manylinux_2_17_ppc64le.manylinux2014_ppc64le.whl", hash = "sha256:65e8a397b03156880a099d55067daa1580a5333aaf4da3b0313bd7e1731e408f", size = 1460828 },
    { url = "https://files.pythonhosted.org/packages/4b/a8/fde60995524f5b2794bdf07cad98f5b369a3cfa7e90b6ec081fc57d3b5ea/pymongo-4.11.3-cp311-cp311-manylinux_2_17_s390x.manylinux2014_s390x.whl", hash = "sha256:0992917ed259f5ca3506ec8009e7c82d398737a4230a607bf44d102cae31e1d6", size = 1435261 },
    { url = "https://files.pythonhosted.org/packages/ce/42/d0ac7f445edd6abf5c7197ad83d9902ad1e8f4be767af257bd892684560a/pymongo-4.11.3-cp311-cp311-manylinux_2_17_x86_64.manylinux2014_x86_64.whl", hash = "sha256:2f2f0c3ab8284e0e2674367fa47774411212c86482bbbe78e8ae9fb223b8f6ee", size = 1414380 },
    { url = "https://files.pythonhosted.org/packages/e7/02/dd67685b67f7408ed72d801b268988986343208f712b0e90c639358b2d19/pymongo-4.11.3-cp311-cp311-manylinux_2_5_i686.manylinux1_i686.manylinux_2_17_i686.manylinux2014_i686.whl", hash = "sha256:c2240126683f55160f83f587d76955ad1e419a72d5c09539a509bd9d1e20bd53", size = 1383026 },
    { url = "https://files.pythonhosted.org/packages/2b/60/07f61ad5ddd39c4d52466ac1ce089c0c8c3d337145efcadbfa61072b1913/pymongo-4.11.3-cp311-cp311-win32.whl", hash = "sha256:be89776c5b8272437a85c904d45e0f1bbc0f21bf11688341938380843dd7fe5f", size = 817664 },
    { url = "https://files.pythonhosted.org/packages/e1/f3/073f763f6673ecfb33c13568037cdba499284758cfa54c556cac8a406cb7/pymongo-4.11.3-cp311-cp311-win_amd64.whl", hash = "sha256:c237780760f891cae79abbfc52fda55b584492d5d9452762040aadb2c64ac691", size = 831617 },
    { url = "https://files.pythonhosted.org/packages/6d/cf/c606c9d889d8f34dcf80455e045854ef2fa187c439b22a6d30357790c12a/pymongo-4.11.3-cp312-cp312-macosx_10_13_x86_64.whl", hash = "sha256:5f48b7faf4064e5f484989608a59503b11b7f134ca344635e416b1b12e7dc255", size = 895374 },
    { url = "https://files.pythonhosted.org/packages/c6/f5/287e84ba6c8e34cb13f798e7e859b4dcbc5fab99261f91202a8027f62ba6/pymongo-4.11.3-cp312-cp312-macosx_11_0_arm64.whl", hash = "sha256:722f22bf18d208aa752591bde93e018065641711594e7a2fef0432da429264e8", size = 895063 },
    { url = "https://files.pythonhosted.org/packages/0e/ba/fe8964ec3f8d7348e9cd6a11864e1e84b2be62ea98ca0ba01a4f5b4d417d/pymongo-4.11.3-cp312-cp312-manylinux_2_17_aarch64.manylinux2014_aarch64.whl", hash = "sha256:5be1b35c4897626327c4e8bae14655807c2bc710504fa790bc19a72403142264", size = 1673722 },
    { url = "https://files.pythonhosted.org/packages/92/89/925b7160c517b66c80d05b36f63d4cc0d0ff23f01b5150b55936b5fab097/pymongo-4.11.3-cp312-cp312-manylinux_2_17_ppc64le.manylinux2014_ppc64le.whl", hash = "sha256:14f9e4d2172545798738d27bc6293b972c4f1f98cce248aa56e1e62c4c258ca7", size = 1737946 },
    { url = "https://files.pythonhosted.org/packages/f8/97/bcedba78ddbc1b8837bf556da55eb08a055e93b331722ecd1dad602a3427/pymongo-4.11.3-cp312-cp312-manylinux_2_17_s390x.manylinux2014_s390x.whl", hash = "sha256:cd3f7bafe441135f58d2b91a312714f423e15fed5afe3854880c8c61ad78d3ce", size = 1706981 },
    { url = "https://files.pythonhosted.org/packages/d7/ce/63719be395ec29b8f71fd267014af4957736b5297a1f51f76ef32d05a0cf/pymongo-4.11.3-cp312-cp312-manylinux_2_17_x86_64.manylinux2014_x86_64.whl", hash = "sha256:73de1b9f416a2662ba95b4b49edc963d47b93760a7e2b561b932c8099d160151", size = 1676948 },
    { url = "https://files.pythonhosted.org/packages/c1/36/de366cee39e6c2e64d824d1f2e5672381ec766c51224304d1aebf7db3507/pymongo-4.11.3-cp312-cp312-manylinux_2_5_i686.manylinux1_i686.manylinux_2_17_i686.manylinux2014_i686.whl", hash = "sha256:e24268e2d7ae96eab12161985b39e75a75185393134fc671f4bb1a16f50bf6f4", size = 1636072 },
    { url = "https://files.pythonhosted.org/packages/07/48/34751291a152e8098b4cf6f467046f00edd71b695d5cf6be1b15778cda63/pymongo-4.11.3-cp312-cp312-win32.whl", hash = "sha256:33a936d3c1828e4f52bed3dad6191a3618cc28ab056e2770390aec88d9e9f9ea", size = 864025 },
    { url = "https://files.pythonhosted.org/packages/96/8a/604fab1e1f45deb0dc19e06053369e7db44e3d1359a39e0fe376bdb95b41/pymongo-4.11.3-cp312-cp312-win_amd64.whl", hash = "sha256:c4673d8ef0c8ef712491a750adf64f7998202a82abd72be5be749749275b3edb", size = 882290 },
    { url = "https://files.pythonhosted.org/packages/01/f1/19f8a81ca1ef180983b89e24f8003863612aea358a06d7685566ccc18a87/pymongo-4.11.3-cp313-cp313-macosx_10_13_x86_64.whl", hash = "sha256:5e53b98c9700bb69f33a322b648d028bfe223ad135fb04ec48c0226998b80d0e", size = 949622 },
    { url = "https://files.pythonhosted.org/packages/67/9a/ae232aa9379a9e6cf325facf0f65176d70520d6a16807f4de2e1ccfb76ec/pymongo-4.11.3-cp313-cp313-macosx_11_0_arm64.whl", hash = "sha256:8464aff011208cf86eae28f4a3624ebc4a40783634e119b2b35852252b901ef3", size = 949299 },
    { url = "https://files.pythonhosted.org/packages/70/6d/1ddef8b6c6d598fe21c917d93c49a6304611a252a07e98a9b7e70e1b995b/pymongo-4.11.3-cp313-cp313-manylinux_2_17_aarch64.manylinux2014_aarch64.whl", hash = "sha256:3742ffc1951bec1450a5a6a02cfd40ddd4b1c9416b36c70ae439a532e8be0e05", size = 1937616 },
    { url = "https://files.pythonhosted.org/packages/13/9c/e735715789a876140f453def1b2015948708d224f1728f9b8412b6e495d2/pymongo-4.11.3-cp313-cp313-manylinux_2_17_ppc64le.manylinux2014_ppc64le.whl", hash = "sha256:a29294b508975a5dfd384f4b902cd121dc2b6e5d55ea2be2debffd2a63461cd9", size = 2015041 },
    { url = "https://files.pythonhosted.org/packages/fc/d3/cf41e9ce81644de9d8db54cc039823863e7240e021466ae093edc061683a/pymongo-4.11.3-cp313-cp313-manylinux_2_17_s390x.manylinux2014_s390x.whl", hash = "sha256:051c741586ab6efafe72e027504ac4e5f01c88eceec579e4e1a438a369a61b0c", size = 1978716 },
    { url = "https://files.pythonhosted.org/packages/be/c8/c3f15c6cc5a9e0a75d18ae86209584cb14fdca017197def9741bff19c151/pymongo-4.11.3-cp313-cp313-manylinux_2_17_x86_64.manylinux2014_x86_64.whl", hash = "sha256:4b05e03a327cdef28ec2bb72c974d412d308f5cf867a472ef17f9ac95d18ec05", size = 1939524 },
    { url = "https://files.pythonhosted.org/packages/1b/0d/613cd91c736325d05d2d5d389d06ed899bcdce5a265cb486b948729bf1eb/pymongo-4.11.3-cp313-cp313-manylinux_2_5_i686.manylinux1_i686.manylinux_2_17_i686.manylinux2014_i686.whl", hash = "sha256:dafeddf1db51df19effd0828ae75492b15d60c7faec388da08f1fe9593c88e7a", size = 1888960 },
    { url = "https://files.pythonhosted.org/packages/e7/eb/b1e9cf2e03a47c4f35ffc5db1cb0ed0f92c5fe58c6f5f04d5a2da9d6bb77/pymongo-4.11.3-cp313-cp313-win32.whl", hash = "sha256:40c55afb34788ae6a6b8c175421fa46a37cfc45de41fe4669d762c3b1bbda48e", size = 910370 },
    { url = "https://files.pythonhosted.org/packages/77/f3/023f12ee9028f341880016fd6251255bf755f70730440ad11bf745f5f9e4/pymongo-4.11.3-cp313-cp313-win_amd64.whl", hash = "sha256:a5b8b7ba9614a081d1f932724b7a6a20847f6c9629420ae81ce827db3b599af2", size = 932930 },
    { url = "https://files.pythonhosted.org/packages/d3/c7/0a145cc66fc756cea547b948150583357e5518cfa60b3ad0d3266d3ee168/pymongo-4.11.3-cp313-cp313t-macosx_10_13_x86_64.whl", hash = "sha256:0f23f849693e829655f667ea18b87bf34e1395237eb45084f3495317d455beb2", size = 1006138 },
    { url = "https://files.pythonhosted.org/packages/81/88/4ed3cd03d2f7835393a72ed87f5e9186f6fc54bcb0e9b7f718424c0b5db8/pymongo-4.11.3-cp313-cp313t-macosx_11_0_arm64.whl", hash = "sha256:62bcfa88deb4a6152a7c93bedd1a808497f6c2881424ca54c3c81964a51c5040", size = 1006125 },
    { url = "https://files.pythonhosted.org/packages/91/a9/d86844a9aff958c959e84b8223b9d226c3b39a71f2f2fbf2aa3a4a748212/pymongo-4.11.3-cp313-cp313t-manylinux_2_17_aarch64.manylinux2014_aarch64.whl", hash = "sha256:2eaa0233858f72074bf0319f5034018092b43f19202bd7ecb822980c35bfd623", size = 2266315 },
    { url = "https://files.pythonhosted.org/packages/1d/06/fff82b09382a887dab6207bb23778395c5986a5ddab6f55905ebdd82e10c/pymongo-4.11.3-cp313-cp313t-manylinux_2_17_ppc64le.manylinux2014_ppc64le.whl", hash = "sha256:0a434e081017be360595237cd1aeac3d047dd38e8785c549be80748608c1d4ca", size = 2353538 },
    { url = "https://files.pythonhosted.org/packages/5d/f7/ff5399baee5888eb686c1508d28b4e9d82b9da5ca63215f958356dee4016/pymongo-4.11.3-cp313-cp313t-manylinux_2_17_s390x.manylinux2014_s390x.whl", hash = "sha256:3e8aa65a9e4a989245198c249816d86cb240221861b748db92b8b3a5356bd6f1", size = 2312410 },
    { url = "https://files.pythonhosted.org/packages/b0/4d/1746ee984b229eddf5f768265b553a90b31b2395fb5ae1d30d28e430a862/pymongo-4.11.3-cp313-cp313t-manylinux_2_17_x86_64.manylinux2014_x86_64.whl", hash = "sha256:d0a91004029d1fc9e66a800e6da4170afaa9b93bcf41299e4b5951b837b3467a", size = 2263706 },
    { url = "https://files.pythonhosted.org/packages/1c/dc/5d4154c5baf62af9ffb9391cf41848a87cda97798f92e4336730690be7d5/pymongo-4.11.3-cp313-cp313t-manylinux_2_5_i686.manylinux1_i686.manylinux_2_17_i686.manylinux2014_i686.whl", hash = "sha256:1b992904ac78cb712b42c4b7348974ba1739137c1692cdf8bf75c3eeb22881a4", size = 2202724 },
    { url = "https://files.pythonhosted.org/packages/72/15/c18fcc456fdcb793714776da273fc4cba4579f21818f2219e23ff9512314/pymongo-4.11.3-cp313-cp313t-win32.whl", hash = "sha256:45e18bda802d95a2aed88e487f06becc3bd0b22286a25aeca8c46b8c64980dbb", size = 959256 },
    { url = "https://files.pythonhosted.org/packages/7d/64/11d87df61cdca4fef90388af592247e17f3d31b15a909780f186d2739592/pymongo-4.11.3-cp313-cp313t-win_amd64.whl", hash = "sha256:07d40b831590bc458b624f421849c2b09ad2b9110b956f658b583fe01fe01c01", size = 987855 },
]

[[package]]
name = "python-dotenv"
version = "1.1.0"
source = { registry = "https://pypi.org/simple" }
sdist = { url = "https://files.pythonhosted.org/packages/88/2c/7bb1416c5620485aa793f2de31d3df393d3686aa8a8506d11e10e13c5baf/python_dotenv-1.1.0.tar.gz", hash = "sha256:41f90bc6f5f177fb41f53e87666db362025010eb28f60a01c9143bfa33a2b2d5", size = 39920 }
wheels = [
    { url = "https://files.pythonhosted.org/packages/1e/18/98a99ad95133c6a6e2005fe89faedf294a748bd5dc803008059409ac9b1e/python_dotenv-1.1.0-py3-none-any.whl", hash = "sha256:d7c01d9e2293916c18baf562d95698754b0dbbb5e74d457c45d4f6561fb9d55d", size = 20256 },
]

[[package]]
name = "typing-extensions"
version = "4.13.0"
source = { registry = "https://pypi.org/simple" }
sdist = { url = "https://files.pythonhosted.org/packages/0e/3e/b00a62db91a83fff600de219b6ea9908e6918664899a2d85db222f4fbf19/typing_extensions-4.13.0.tar.gz", hash = "sha256:0a4ac55a5820789d87e297727d229866c9650f6521b64206413c4fbada24d95b", size = 106520 }
wheels = [
    { url = "https://files.pythonhosted.org/packages/e0/86/39b65d676ec5732de17b7e3c476e45bb80ec64eb50737a8dce1a4178aba1/typing_extensions-4.13.0-py3-none-any.whl", hash = "sha256:c8dd92cc0d6425a97c18fbb9d1954e5ff92c1ca881a309c45f06ebc0b79058e5", size = 45683 },
]

[[package]]
name = "typing-inspection"
version = "0.4.0"
source = { registry = "https://pypi.org/simple" }
dependencies = [
    { name = "typing-extensions" },
]
sdist = { url = "https://files.pythonhosted.org/packages/82/5c/e6082df02e215b846b4b8c0b887a64d7d08ffaba30605502639d44c06b82/typing_inspection-0.4.0.tar.gz", hash = "sha256:9765c87de36671694a67904bf2c96e395be9c6439bb6c87b5142569dcdd65122", size = 76222 }
wheels = [
    { url = "https://files.pythonhosted.org/packages/31/08/aa4fdfb71f7de5176385bd9e90852eaf6b5d622735020ad600f2bab54385/typing_inspection-0.4.0-py3-none-any.whl", hash = "sha256:50e72559fcd2a6367a19f7a7e610e6afcb9fac940c650290eed893d61386832f", size = 14125 },
]
